
Microsoft Visual Studio Solution File, Format Version 12.00
# Visual Studio Version 17
VisualStudioVersion = 17.13.35818.85 d17.13
MinimumVisualStudioVersion = 10.0.40219.1
Project("{FAE04EC0-301F-11D3-BF4B-00C04F79EFBC}") = "tpmodul8_103022330105", "tpmodul8_103022330105.csproj", "{6171293F-8838-44C3-81C4-D14C3B159B8F}"
EndProject
Global
	GlobalSection(SolutionConfigurationPlatforms) = preSolution
		Debug|Any CPU = Debug|Any CPU
		Release|Any CPU = Release|Any CPU
	EndGlobalSection
	GlobalSection(ProjectConfigurationPlatforms) = postSolution
		{6171293F-8838-44C3-81C4-D14C3B159B8F}.Debug|Any CPU.ActiveCfg = Debug|Any CPU
		{6171293F-8838-44C3-81C4-D14C3B159B8F}.Debug|Any CPU.Build.0 = Debug|Any CPU
		{6171293F-8838-44C3-81C4-D14C3B159B8F}.Release|Any CPU.ActiveCfg = Release|Any CPU
		{6171293F-8838-44C3-81C4-D14C3B159B8F}.Release|Any CPU.Build.0 = Release|Any CPU
	EndGlobalSection
	GlobalSection(SolutionProperties) = preSolution
		HideSolutionNode = FALSE
	EndGlobalSection
	GlobalSection(ExtensibilityGlobals) = postSolution
		SolutionGuid = {29A041ED-D142-44D7-A4E0-F724B1253241}
	EndGlobalSection
EndGlobal
